
Microsoft Visual Studio Solution File, Format Version 12.00
# Visual Studio Version 17
VisualStudioVersion = 17.1.32407.343
MinimumVisualStudioVersion = 10.0.40219.1
Project("{FAE04EC0-301F-11D3-BF4B-00C04F79EFBC}") = "WinFormsApp1", "WinFormsApp1\WinFormsApp1.csproj", "{99B572E7-D4BE-4D0A-B06E-2256BC71694A}"
EndProject
Global
	GlobalSection(SolutionConfigurationPlatforms) = preSolution
		Debug|Any CPU = Debug|Any CPU
		Release|Any CPU = Release|Any CPU
	EndGlobalSection
	GlobalSection(ProjectConfigurationPlatforms) = postSolution
		{99B572E7-D4BE-4D0A-B06E-2256BC71694A}.Debug|Any CPU.ActiveCfg = Debug|Any CPU
		{99B572E7-D4BE-4D0A-B06E-2256BC71694A}.Debug|Any CPU.Build.0 = Debug|Any CPU
		{99B572E7-D4BE-4D0A-B06E-2256BC71694A}.Release|Any CPU.ActiveCfg = Release|Any CPU
		{99B572E7-D4BE-4D0A-B06E-2256BC71694A}.Release|Any CPU.Build.0 = Release|Any CPU
	EndGlobalSection
	GlobalSection(SolutionProperties) = preSolution
		HideSolutionNode = FALSE
	EndGlobalSection
	GlobalSection(ExtensibilityGlobals) = postSolution
		SolutionGuid = {C26F2C4A-707F-4EC7-A470-FF85F38EC76F}
	EndGlobalSection
EndGlobal
